
Microsoft Visual Studio Solution File, Format Version 12.00
# Visual Studio Version 17
VisualStudioVersion = 17.5.002.0
MinimumVisualStudioVersion = 10.0.40219.1
Project("{9A19103F-16F7-4668-BE54-9A1E7A4F7556}") = "NumerosAmistosos", "NumerosAmistosos.csproj", "{96F7F1B5-AB3F-4180-BE74-8510E189F2AD}"
EndProject
Global
	GlobalSection(SolutionConfigurationPlatforms) = preSolution
		Debug|Any CPU = Debug|Any CPU
		Release|Any CPU = Release|Any CPU
	EndGlobalSection
	GlobalSection(ProjectConfigurationPlatforms) = postSolution
		{96F7F1B5-AB3F-4180-BE74-8510E189F2AD}.Debug|Any CPU.ActiveCfg = Debug|Any CPU
		{96F7F1B5-AB3F-4180-BE74-8510E189F2AD}.Debug|Any CPU.Build.0 = Debug|Any CPU
		{96F7F1B5-AB3F-4180-BE74-8510E189F2AD}.Release|Any CPU.ActiveCfg = Release|Any CPU
		{96F7F1B5-AB3F-4180-BE74-8510E189F2AD}.Release|Any CPU.Build.0 = Release|Any CPU
	EndGlobalSection
	GlobalSection(SolutionProperties) = preSolution
		HideSolutionNode = FALSE
	EndGlobalSection
	GlobalSection(ExtensibilityGlobals) = postSolution
		SolutionGuid = {33C58FAB-CE6A-4F87-9471-621B5B21EC18}
	EndGlobalSection
EndGlobal
